
Microsoft Visual Studio Solution File, Format Version 12.00
# Visual Studio Version 17
VisualStudioVersion = 17.3.32825.248
MinimumVisualStudioVersion = 10.0.40219.1
Project("{FAE04EC0-301F-11D3-BF4B-00C04F79EFBC}") = "Demo3.Server", "Demo3\Server\Demo3.Server.csproj", "{BA53A890-5D8C-4CBC-A50B-3B7AC5A580F4}"
EndProject
Project("{FAE04EC0-301F-11D3-BF4B-00C04F79EFBC}") = "Demo3.Client", "Demo3\Client\Demo3.Client.csproj", "{70CB6C3B-B053-44AE-9ABA-9AB45C1C5439}"
EndProject
Project("{FAE04EC0-301F-11D3-BF4B-00C04F79EFBC}") = "Demo3.Shared", "Demo3\Shared\Demo3.Shared.csproj", "{8BD83F4F-AFDB-406B-AB21-211AB3C2A7A1}"
EndProject
Global
	GlobalSection(SolutionConfigurationPlatforms) = preSolution
		Debug|Any CPU = Debug|Any CPU
		Release|Any CPU = Release|Any CPU
	EndGlobalSection
	GlobalSection(ProjectConfigurationPlatforms) = postSolution
		{BA53A890-5D8C-4CBC-A50B-3B7AC5A580F4}.Debug|Any CPU.ActiveCfg = Debug|Any CPU
		{BA53A890-5D8C-4CBC-A50B-3B7AC5A580F4}.Debug|Any CPU.Build.0 = Debug|Any CPU
		{BA53A890-5D8C-4CBC-A50B-3B7AC5A580F4}.Release|Any CPU.ActiveCfg = Release|Any CPU
		{BA53A890-5D8C-4CBC-A50B-3B7AC5A580F4}.Release|Any CPU.Build.0 = Release|Any CPU
		{70CB6C3B-B053-44AE-9ABA-9AB45C1C5439}.Debug|Any CPU.ActiveCfg = Debug|Any CPU
		{70CB6C3B-B053-44AE-9ABA-9AB45C1C5439}.Debug|Any CPU.Build.0 = Debug|Any CPU
		{70CB6C3B-B053-44AE-9ABA-9AB45C1C5439}.Release|Any CPU.ActiveCfg = Release|Any CPU
		{70CB6C3B-B053-44AE-9ABA-9AB45C1C5439}.Release|Any CPU.Build.0 = Release|Any CPU
		{8BD83F4F-AFDB-406B-AB21-211AB3C2A7A1}.Debug|Any CPU.ActiveCfg = Debug|Any CPU
		{8BD83F4F-AFDB-406B-AB21-211AB3C2A7A1}.Debug|Any CPU.Build.0 = Debug|Any CPU
		{8BD83F4F-AFDB-406B-AB21-211AB3C2A7A1}.Release|Any CPU.ActiveCfg = Release|Any CPU
		{8BD83F4F-AFDB-406B-AB21-211AB3C2A7A1}.Release|Any CPU.Build.0 = Release|Any CPU
	EndGlobalSection
	GlobalSection(SolutionProperties) = preSolution
		HideSolutionNode = FALSE
	EndGlobalSection
	GlobalSection(ExtensibilityGlobals) = postSolution
		SolutionGuid = {5EF4E876-CEF3-4F32-BDA8-08EC41E7E40A}
	EndGlobalSection
EndGlobal
